// !$*UTF8*$!
{
	archiveVersion = 1;
	classes = {
	};
	objectVersion = 55;
	objects = {

/* Begin PBXBuildFile section */
		1306312B286B480E00CD2607 /* UIColor + Extension.swift in Sources */ = {isa = PBXBuildFile; fileRef = 1306312A286B480E00CD2607 /* UIColor + Extension.swift */; };
		1306312E286B4FD000CD2607 /* BoardCell.swift in Sources */ = {isa = PBXBuildFile; fileRef = 1306312D286B4FD000CD2607 /* BoardCell.swift */; };
		13099B58286A13A800C8E2C5 /* WordsLoadService.swift in Sources */ = {isa = PBXBuildFile; fileRef = 13099B57286A13A800C8E2C5 /* WordsLoadService.swift */; };
		131E1D1928B974B100B2329A /* GameBoardStorage + LettersDefaults.swift in Sources */ = {isa = PBXBuildFile; fileRef = 131E1D1828B974B100B2329A /* GameBoardStorage + LettersDefaults.swift */; };
		131E1D1B28B976D600B2329A /* ValletStorage.swift in Sources */ = {isa = PBXBuildFile; fileRef = 131E1D1A28B976D600B2329A /* ValletStorage.swift */; };
		1333E83128A6468B003FE3E5 /* KeyboardManager.swift in Sources */ = {isa = PBXBuildFile; fileRef = 1333E83028A6468B003FE3E5 /* KeyboardManager.swift */; };
		1333E83428A64D83003FE3E5 /* DIContainer.swift in Sources */ = {isa = PBXBuildFile; fileRef = 1333E83328A64D83003FE3E5 /* DIContainer.swift */; };
		1333E84228A65538003FE3E5 /* PopupViewController.swift in Sources */ = {isa = PBXBuildFile; fileRef = 1333E84128A65538003FE3E5 /* PopupViewController.swift */; };
		1357F42D28B7EFA8002F194D /* GameBoardStorage + isCanGoNext.swift in Sources */ = {isa = PBXBuildFile; fileRef = 1357F42C28B7EFA8002F194D /* GameBoardStorage + isCanGoNext.swift */; };
		1357F42F28B7F449002F194D /* GameBoardStorage + haveSuccessNext.swift in Sources */ = {isa = PBXBuildFile; fileRef = 1357F42E28B7F449002F194D /* GameBoardStorage + haveSuccessNext.swift */; };
		1357F43128B80285002F194D /* GameBoardStorage + isCanDelete.swift in Sources */ = {isa = PBXBuildFile; fileRef = 1357F43028B80285002F194D /* GameBoardStorage + isCanDelete.swift */; };
		136AC17628AACD5600972C60 /* ProfileView.swift in Sources */ = {isa = PBXBuildFile; fileRef = 136AC17528AACD5600972C60 /* ProfileView.swift */; };
		13747FBA28BD164E005888B7 /* GameBoardStorageProtocol.swift in Sources */ = {isa = PBXBuildFile; fileRef = 13747FB928BD164E005888B7 /* GameBoardStorageProtocol.swift */; };
		13747FCA28BD2C6A005888B7 /* ValletTests.swift in Sources */ = {isa = PBXBuildFile; fileRef = 13747FBB28BD2C51005888B7 /* ValletTests.swift */; };
		137B249D28719628003618B2 /* Key.swift in Sources */ = {isa = PBXBuildFile; fileRef = 137B249C28719628003618B2 /* Key.swift */; };
		137B24A428719E00003618B2 /* GameBoardStorage.swift in Sources */ = {isa = PBXBuildFile; fileRef = 137B24A328719E00003618B2 /* GameBoardStorage.swift */; };
		1386CCBD28A662B000251C9C /* UIView + Helpers.swift in Sources */ = {isa = PBXBuildFile; fileRef = 1386CCBC28A662B000251C9C /* UIView + Helpers.swift */; };
		1386CCC028A662E300251C9C /* Display.swift in Sources */ = {isa = PBXBuildFile; fileRef = 1386CCBF28A662E300251C9C /* Display.swift */; };
		1386CCCC28A77BBB00251C9C /* StopPopupPresenter.swift in Sources */ = {isa = PBXBuildFile; fileRef = 1386CCC628A77BBB00251C9C /* StopPopupPresenter.swift */; };
		1386CCCD28A77BBB00251C9C /* StopPopupRouter.swift in Sources */ = {isa = PBXBuildFile; fileRef = 1386CCC728A77BBB00251C9C /* StopPopupRouter.swift */; };
		1386CCCE28A77BBB00251C9C /* StopPopupViewController.swift in Sources */ = {isa = PBXBuildFile; fileRef = 1386CCC828A77BBB00251C9C /* StopPopupViewController.swift */; };
		1386CCCF28A77BBB00251C9C /* StopPopupProtocols.swift in Sources */ = {isa = PBXBuildFile; fileRef = 1386CCC928A77BBB00251C9C /* StopPopupProtocols.swift */; };
		1386CCD028A77BBB00251C9C /* StopPopupInteractor.swift in Sources */ = {isa = PBXBuildFile; fileRef = 1386CCCA28A77BBB00251C9C /* StopPopupInteractor.swift */; };
		1386CCD128A77BBB00251C9C /* StopPopupModuleConfigurator.swift in Sources */ = {isa = PBXBuildFile; fileRef = 1386CCCB28A77BBB00251C9C /* StopPopupModuleConfigurator.swift */; };
		1386CCD328A77C2300251C9C /* StopPopupViewModel.swift in Sources */ = {isa = PBXBuildFile; fileRef = 1386CCD228A77C2300251C9C /* StopPopupViewModel.swift */; };
		1386CCD528A7925500251C9C /* UIFont + Extension.swift in Sources */ = {isa = PBXBuildFile; fileRef = 1386CCD428A7925500251C9C /* UIFont + Extension.swift */; };
		1386CCDE28A7E88000251C9C /* BonusView.swift in Sources */ = {isa = PBXBuildFile; fileRef = 1386CCDD28A7E88000251C9C /* BonusView.swift */; };
		1386CCE128A7E91F00251C9C /* BonusViewModel.swift in Sources */ = {isa = PBXBuildFile; fileRef = 1386CCE028A7E91F00251C9C /* BonusViewModel.swift */; };
		13ADEA33285F469900C6AA23 /* AppDelegate.swift in Sources */ = {isa = PBXBuildFile; fileRef = 13ADEA32285F469900C6AA23 /* AppDelegate.swift */; };
		13ADEA35285F469900C6AA23 /* SceneDelegate.swift in Sources */ = {isa = PBXBuildFile; fileRef = 13ADEA34285F469900C6AA23 /* SceneDelegate.swift */; };
		13ADEA3C285F469A00C6AA23 /* Assets.xcassets in Resources */ = {isa = PBXBuildFile; fileRef = 13ADEA3B285F469A00C6AA23 /* Assets.xcassets */; };
		13ADEA49285F478F00C6AA23 /* KeyboardView.swift in Sources */ = {isa = PBXBuildFile; fileRef = 13ADEA48285F478F00C6AA23 /* KeyboardView.swift */; };
		13ADEA4B285F47CA00C6AA23 /* BoardView.swift in Sources */ = {isa = PBXBuildFile; fileRef = 13ADEA4A285F47CA00C6AA23 /* BoardView.swift */; };
		13ADEA4D285F502900C6AA23 /* KeyCell.swift in Sources */ = {isa = PBXBuildFile; fileRef = 13ADEA4C285F502900C6AA23 /* KeyCell.swift */; };
		13BA4E1C28B374CB0089229D /* MainGameViewController + Bonus.swift in Sources */ = {isa = PBXBuildFile; fileRef = 13BA4E1B28B374CB0089229D /* MainGameViewController + Bonus.swift */; };
		13BA4E2028B37A970089229D /* MainGamePresenter + Bonus.swift in Sources */ = {isa = PBXBuildFile; fileRef = 13BA4E1F28B37A970089229D /* MainGamePresenter + Bonus.swift */; };
		13BA4E2728B38E110089229D /* DefaultsKeys.swift in Sources */ = {isa = PBXBuildFile; fileRef = 13BA4E2628B38E110089229D /* DefaultsKeys.swift */; };
		13BAF9FC28BD2D7B00819CD6 /* MainGameInteractorMock.swift in Sources */ = {isa = PBXBuildFile; fileRef = 13BAF9FB28BD2D7B00819CD6 /* MainGameInteractorMock.swift */; };
		13BAF9FF28BD303E00819CD6 /* GameBoardStorageMock.swift in Sources */ = {isa = PBXBuildFile; fileRef = 13BAF9FE28BD303E00819CD6 /* GameBoardStorageMock.swift */; };
		13BAFA0128BD321D00819CD6 /* ValletStorageMock.swift in Sources */ = {isa = PBXBuildFile; fileRef = 13BAFA0028BD321D00819CD6 /* ValletStorageMock.swift */; };
		13D718DA28638E88009ACC03 /* MainGamePresenter.swift in Sources */ = {isa = PBXBuildFile; fileRef = 13D718D428638E88009ACC03 /* MainGamePresenter.swift */; };
		13D718DB28638E88009ACC03 /* MainGameRouter.swift in Sources */ = {isa = PBXBuildFile; fileRef = 13D718D528638E88009ACC03 /* MainGameRouter.swift */; };
		13D718DC28638E88009ACC03 /* MainGameViewController.swift in Sources */ = {isa = PBXBuildFile; fileRef = 13D718D628638E88009ACC03 /* MainGameViewController.swift */; };
		13D718DD28638E88009ACC03 /* MainGameProtocols.swift in Sources */ = {isa = PBXBuildFile; fileRef = 13D718D728638E88009ACC03 /* MainGameProtocols.swift */; };
		13D718DE28638E88009ACC03 /* MainGameInteractor.swift in Sources */ = {isa = PBXBuildFile; fileRef = 13D718D828638E88009ACC03 /* MainGameInteractor.swift */; };
		13D718DF28638E88009ACC03 /* MainGameModuleConfigurator.swift in Sources */ = {isa = PBXBuildFile; fileRef = 13D718D928638E88009ACC03 /* MainGameModuleConfigurator.swift */; };
		13E55F3328AE9DE400E510DE /* InfoViewModel.swift in Sources */ = {isa = PBXBuildFile; fileRef = 13E55F3228AE9DE400E510DE /* InfoViewModel.swift */; };
		13E55F3528AE9E0F00E510DE /* InfoContentViewModel.swift in Sources */ = {isa = PBXBuildFile; fileRef = 13E55F3428AE9E0F00E510DE /* InfoContentViewModel.swift */; };
		13E55F3928AE9F3500E510DE /* InfoView.swift in Sources */ = {isa = PBXBuildFile; fileRef = 13E55F3828AE9F3500E510DE /* InfoView.swift */; };
		13E55F3B28AE9F5B00E510DE /* InfoContentView.swift in Sources */ = {isa = PBXBuildFile; fileRef = 13E55F3A28AE9F5B00E510DE /* InfoContentView.swift */; };
		46FA1979FCA04A69D69FC8E2 /* Pods_Slovo.framework in Frameworks */ = {isa = PBXBuildFile; fileRef = D12DFD01E5AD33F75E3B6212 /* Pods_Slovo.framework */; };
/* End PBXBuildFile section */

/* Begin PBXContainerItemProxy section */
		13747FC528BD2C63005888B7 /* PBXContainerItemProxy */ = {
			isa = PBXContainerItemProxy;
			containerPortal = 13ADEA27285F469900C6AA23 /* Project object */;
			proxyType = 1;
			remoteGlobalIDString = 13ADEA2E285F469900C6AA23;
			remoteInfo = Slovo;
		};
/* End PBXContainerItemProxy section */

/* Begin PBXCopyFilesBuildPhase section */
		13E55F2428AE7E0300E510DE /* Embed Frameworks */ = {
			isa = PBXCopyFilesBuildPhase;
			buildActionMask = 2147483647;
			dstPath = "";
			dstSubfolderSpec = 10;
			files = (
			);
			name = "Embed Frameworks";
			runOnlyForDeploymentPostprocessing = 0;
		};
/* End PBXCopyFilesBuildPhase section */

/* Begin PBXFileReference section */
		1306312A286B480E00CD2607 /* UIColor + Extension.swift */ = {isa = PBXFileReference; lastKnownFileType = sourcecode.swift; path = "UIColor + Extension.swift"; sourceTree = "<group>"; };
		1306312D286B4FD000CD2607 /* BoardCell.swift */ = {isa = PBXFileReference; lastKnownFileType = sourcecode.swift; path = BoardCell.swift; sourceTree = "<group>"; };
		13099B57286A13A800C8E2C5 /* WordsLoadService.swift */ = {isa = PBXFileReference; lastKnownFileType = sourcecode.swift; path = WordsLoadService.swift; sourceTree = "<group>"; };
		131E1D1828B974B100B2329A /* GameBoardStorage + LettersDefaults.swift */ = {isa = PBXFileReference; lastKnownFileType = sourcecode.swift; path = "GameBoardStorage + LettersDefaults.swift"; sourceTree = "<group>"; };
		131E1D1A28B976D600B2329A /* ValletStorage.swift */ = {isa = PBXFileReference; lastKnownFileType = sourcecode.swift; path = ValletStorage.swift; sourceTree = "<group>"; };
		1333E83028A6468B003FE3E5 /* KeyboardManager.swift */ = {isa = PBXFileReference; lastKnownFileType = sourcecode.swift; path = KeyboardManager.swift; sourceTree = "<group>"; };
		1333E83328A64D83003FE3E5 /* DIContainer.swift */ = {isa = PBXFileReference; lastKnownFileType = sourcecode.swift; path = DIContainer.swift; sourceTree = "<group>"; };
		1333E84128A65538003FE3E5 /* PopupViewController.swift */ = {isa = PBXFileReference; lastKnownFileType = sourcecode.swift; path = PopupViewController.swift; sourceTree = "<group>"; };
		1357F42C28B7EFA8002F194D /* GameBoardStorage + isCanGoNext.swift */ = {isa = PBXFileReference; lastKnownFileType = sourcecode.swift; path = "GameBoardStorage + isCanGoNext.swift"; sourceTree = "<group>"; };
		1357F42E28B7F449002F194D /* GameBoardStorage + haveSuccessNext.swift */ = {isa = PBXFileReference; lastKnownFileType = sourcecode.swift; path = "GameBoardStorage + haveSuccessNext.swift"; sourceTree = "<group>"; };
		1357F43028B80285002F194D /* GameBoardStorage + isCanDelete.swift */ = {isa = PBXFileReference; lastKnownFileType = sourcecode.swift; path = "GameBoardStorage + isCanDelete.swift"; sourceTree = "<group>"; };
		136AC17528AACD5600972C60 /* ProfileView.swift */ = {isa = PBXFileReference; lastKnownFileType = sourcecode.swift; path = ProfileView.swift; sourceTree = "<group>"; };
		13747FB928BD164E005888B7 /* GameBoardStorageProtocol.swift */ = {isa = PBXFileReference; lastKnownFileType = sourcecode.swift; path = GameBoardStorageProtocol.swift; sourceTree = "<group>"; };
		13747FBB28BD2C51005888B7 /* ValletTests.swift */ = {isa = PBXFileReference; lastKnownFileType = sourcecode.swift; path = ValletTests.swift; sourceTree = "<group>"; };
		13747FC128BD2C63005888B7 /* SlovoTests.xctest */ = {isa = PBXFileReference; explicitFileType = wrapper.cfbundle; includeInIndex = 0; path = SlovoTests.xctest; sourceTree = BUILT_PRODUCTS_DIR; };
		137B249C28719628003618B2 /* Key.swift */ = {isa = PBXFileReference; lastKnownFileType = sourcecode.swift; path = Key.swift; sourceTree = "<group>"; };
		137B24A328719E00003618B2 /* GameBoardStorage.swift */ = {isa = PBXFileReference; lastKnownFileType = sourcecode.swift; path = GameBoardStorage.swift; sourceTree = "<group>"; };
		1386CCBC28A662B000251C9C /* UIView + Helpers.swift */ = {isa = PBXFileReference; lastKnownFileType = sourcecode.swift; path = "UIView + Helpers.swift"; sourceTree = "<group>"; };
		1386CCBF28A662E300251C9C /* Display.swift */ = {isa = PBXFileReference; lastKnownFileType = sourcecode.swift; path = Display.swift; sourceTree = "<group>"; };
		1386CCC628A77BBB00251C9C /* StopPopupPresenter.swift */ = {isa = PBXFileReference; lastKnownFileType = sourcecode.swift; path = StopPopupPresenter.swift; sourceTree = "<group>"; };
		1386CCC728A77BBB00251C9C /* StopPopupRouter.swift */ = {isa = PBXFileReference; lastKnownFileType = sourcecode.swift; path = StopPopupRouter.swift; sourceTree = "<group>"; };
		1386CCC828A77BBB00251C9C /* StopPopupViewController.swift */ = {isa = PBXFileReference; lastKnownFileType = sourcecode.swift; path = StopPopupViewController.swift; sourceTree = "<group>"; };
		1386CCC928A77BBB00251C9C /* StopPopupProtocols.swift */ = {isa = PBXFileReference; lastKnownFileType = sourcecode.swift; path = StopPopupProtocols.swift; sourceTree = "<group>"; };
		1386CCCA28A77BBB00251C9C /* StopPopupInteractor.swift */ = {isa = PBXFileReference; lastKnownFileType = sourcecode.swift; path = StopPopupInteractor.swift; sourceTree = "<group>"; };
		1386CCCB28A77BBB00251C9C /* StopPopupModuleConfigurator.swift */ = {isa = PBXFileReference; lastKnownFileType = sourcecode.swift; path = StopPopupModuleConfigurator.swift; sourceTree = "<group>"; };
		1386CCD228A77C2300251C9C /* StopPopupViewModel.swift */ = {isa = PBXFileReference; lastKnownFileType = sourcecode.swift; path = StopPopupViewModel.swift; sourceTree = "<group>"; };
		1386CCD428A7925500251C9C /* UIFont + Extension.swift */ = {isa = PBXFileReference; lastKnownFileType = sourcecode.swift; path = "UIFont + Extension.swift"; sourceTree = "<group>"; };
		1386CCDD28A7E88000251C9C /* BonusView.swift */ = {isa = PBXFileReference; lastKnownFileType = sourcecode.swift; path = BonusView.swift; sourceTree = "<group>"; };
		1386CCE028A7E91F00251C9C /* BonusViewModel.swift */ = {isa = PBXFileReference; lastKnownFileType = sourcecode.swift; path = BonusViewModel.swift; sourceTree = "<group>"; };
		13ADEA2F285F469900C6AA23 /* Slovo.app */ = {isa = PBXFileReference; explicitFileType = wrapper.application; includeInIndex = 0; path = Slovo.app; sourceTree = BUILT_PRODUCTS_DIR; };
		13ADEA32285F469900C6AA23 /* AppDelegate.swift */ = {isa = PBXFileReference; lastKnownFileType = sourcecode.swift; path = AppDelegate.swift; sourceTree = "<group>"; };
		13ADEA34285F469900C6AA23 /* SceneDelegate.swift */ = {isa = PBXFileReference; lastKnownFileType = sourcecode.swift; path = SceneDelegate.swift; sourceTree = "<group>"; };
		13ADEA3B285F469A00C6AA23 /* Assets.xcassets */ = {isa = PBXFileReference; lastKnownFileType = folder.assetcatalog; path = Assets.xcassets; sourceTree = "<group>"; };
		13ADEA40285F469A00C6AA23 /* Info.plist */ = {isa = PBXFileReference; lastKnownFileType = text.plist.xml; path = Info.plist; sourceTree = "<group>"; };
		13ADEA48285F478F00C6AA23 /* KeyboardView.swift */ = {isa = PBXFileReference; lastKnownFileType = sourcecode.swift; path = KeyboardView.swift; sourceTree = "<group>"; };
		13ADEA4A285F47CA00C6AA23 /* BoardView.swift */ = {isa = PBXFileReference; lastKnownFileType = sourcecode.swift; path = BoardView.swift; sourceTree = "<group>"; };
		13ADEA4C285F502900C6AA23 /* KeyCell.swift */ = {isa = PBXFileReference; lastKnownFileType = sourcecode.swift; path = KeyCell.swift; sourceTree = "<group>"; };
		13BA4E1B28B374CB0089229D /* MainGameViewController + Bonus.swift */ = {isa = PBXFileReference; lastKnownFileType = sourcecode.swift; path = "MainGameViewController + Bonus.swift"; sourceTree = "<group>"; };
		13BA4E1F28B37A970089229D /* MainGamePresenter + Bonus.swift */ = {isa = PBXFileReference; lastKnownFileType = sourcecode.swift; path = "MainGamePresenter + Bonus.swift"; sourceTree = "<group>"; };
		13BA4E2628B38E110089229D /* DefaultsKeys.swift */ = {isa = PBXFileReference; lastKnownFileType = sourcecode.swift; path = DefaultsKeys.swift; sourceTree = "<group>"; };
		13BAF9FB28BD2D7B00819CD6 /* MainGameInteractorMock.swift */ = {isa = PBXFileReference; lastKnownFileType = sourcecode.swift; path = MainGameInteractorMock.swift; sourceTree = "<group>"; };
		13BAF9FE28BD303E00819CD6 /* GameBoardStorageMock.swift */ = {isa = PBXFileReference; lastKnownFileType = sourcecode.swift; path = GameBoardStorageMock.swift; sourceTree = "<group>"; };
		13BAFA0028BD321D00819CD6 /* ValletStorageMock.swift */ = {isa = PBXFileReference; lastKnownFileType = sourcecode.swift; path = ValletStorageMock.swift; sourceTree = "<group>"; };
		13D718D428638E88009ACC03 /* MainGamePresenter.swift */ = {isa = PBXFileReference; lastKnownFileType = sourcecode.swift; path = MainGamePresenter.swift; sourceTree = "<group>"; };
		13D718D528638E88009ACC03 /* MainGameRouter.swift */ = {isa = PBXFileReference; lastKnownFileType = sourcecode.swift; path = MainGameRouter.swift; sourceTree = "<group>"; };
		13D718D628638E88009ACC03 /* MainGameViewController.swift */ = {isa = PBXFileReference; lastKnownFileType = sourcecode.swift; path = MainGameViewController.swift; sourceTree = "<group>"; };
		13D718D728638E88009ACC03 /* MainGameProtocols.swift */ = {isa = PBXFileReference; lastKnownFileType = sourcecode.swift; path = MainGameProtocols.swift; sourceTree = "<group>"; };
		13D718D828638E88009ACC03 /* MainGameInteractor.swift */ = {isa = PBXFileReference; lastKnownFileType = sourcecode.swift; path = MainGameInteractor.swift; sourceTree = "<group>"; };
		13D718D928638E88009ACC03 /* MainGameModuleConfigurator.swift */ = {isa = PBXFileReference; lastKnownFileType = sourcecode.swift; path = MainGameModuleConfigurator.swift; sourceTree = "<group>"; };
		13E55F3228AE9DE400E510DE /* InfoViewModel.swift */ = {isa = PBXFileReference; lastKnownFileType = sourcecode.swift; path = InfoViewModel.swift; sourceTree = "<group>"; };
		13E55F3428AE9E0F00E510DE /* InfoContentViewModel.swift */ = {isa = PBXFileReference; lastKnownFileType = sourcecode.swift; path = InfoContentViewModel.swift; sourceTree = "<group>"; };
		13E55F3828AE9F3500E510DE /* InfoView.swift */ = {isa = PBXFileReference; lastKnownFileType = sourcecode.swift; path = InfoView.swift; sourceTree = "<group>"; };
		13E55F3A28AE9F5B00E510DE /* InfoContentView.swift */ = {isa = PBXFileReference; lastKnownFileType = sourcecode.swift; path = InfoContentView.swift; sourceTree = "<group>"; };
		4F1F554652DBF159DF95C844 /* Pods-Slovo.debug.xcconfig */ = {isa = PBXFileReference; includeInIndex = 1; lastKnownFileType = text.xcconfig; name = "Pods-Slovo.debug.xcconfig"; path = "Target Support Files/Pods-Slovo/Pods-Slovo.debug.xcconfig"; sourceTree = "<group>"; };
		A30BB63DEDD25BC919A33ADB /* Pods-Slovo.release.xcconfig */ = {isa = PBXFileReference; includeInIndex = 1; lastKnownFileType = text.xcconfig; name = "Pods-Slovo.release.xcconfig"; path = "Target Support Files/Pods-Slovo/Pods-Slovo.release.xcconfig"; sourceTree = "<group>"; };
		D12DFD01E5AD33F75E3B6212 /* Pods_Slovo.framework */ = {isa = PBXFileReference; explicitFileType = wrapper.framework; includeInIndex = 0; path = Pods_Slovo.framework; sourceTree = BUILT_PRODUCTS_DIR; };
/* End PBXFileReference section */

/* Begin PBXFrameworksBuildPhase section */
		13747FBE28BD2C63005888B7 /* Frameworks */ = {
			isa = PBXFrameworksBuildPhase;
			buildActionMask = 2147483647;
			files = (
			);
			runOnlyForDeploymentPostprocessing = 0;
		};
		13ADEA2C285F469900C6AA23 /* Frameworks */ = {
			isa = PBXFrameworksBuildPhase;
			buildActionMask = 2147483647;
			files = (
				46FA1979FCA04A69D69FC8E2 /* Pods_Slovo.framework in Frameworks */,
			);
			runOnlyForDeploymentPostprocessing = 0;
		};
/* End PBXFrameworksBuildPhase section */

/* Begin PBXGroup section */
		13063128286B47D200CD2607 /* UIKit+Extension */ = {
			isa = PBXGroup;
			children = (
				1386CCBC28A662B000251C9C /* UIView + Helpers.swift */,
				1306312A286B480E00CD2607 /* UIColor + Extension.swift */,
				1386CCD428A7925500251C9C /* UIFont + Extension.swift */,
			);
			path = "UIKit+Extension";
			sourceTree = "<group>";
		};
		13063129286B47EA00CD2607 /* BoardCell */ = {
			isa = PBXGroup;
			children = (
				1306312D286B4FD000CD2607 /* BoardCell.swift */,
			);
			path = BoardCell;
			sourceTree = "<group>";
		};
		13099B56286A137800C8E2C5 /* Managers */ = {
			isa = PBXGroup;
			children = (
				131E1D1A28B976D600B2329A /* ValletStorage.swift */,
				1333E83028A6468B003FE3E5 /* KeyboardManager.swift */,
				13099B57286A13A800C8E2C5 /* WordsLoadService.swift */,
				1357F42B28B7EF78002F194D /* GameBoardStorage */,
			);
			path = Managers;
			sourceTree = "<group>";
		};
		1333E83228A64D58003FE3E5 /* Helpers */ = {
			isa = PBXGroup;
			children = (
				1333E83328A64D83003FE3E5 /* DIContainer.swift */,
				1386CCBF28A662E300251C9C /* Display.swift */,
				13BA4E2628B38E110089229D /* DefaultsKeys.swift */,
			);
			path = Helpers;
			sourceTree = "<group>";
		};
		1333E83A28A654CE003FE3E5 /* StopPopup */ = {
			isa = PBXGroup;
			children = (
				1386CCC628A77BBB00251C9C /* StopPopupPresenter.swift */,
				1386CCC728A77BBB00251C9C /* StopPopupRouter.swift */,
				1386CCC828A77BBB00251C9C /* StopPopupViewController.swift */,
				1386CCD228A77C2300251C9C /* StopPopupViewModel.swift */,
				1386CCC928A77BBB00251C9C /* StopPopupProtocols.swift */,
				1386CCCA28A77BBB00251C9C /* StopPopupInteractor.swift */,
				1386CCCB28A77BBB00251C9C /* StopPopupModuleConfigurator.swift */,
			);
			name = StopPopup;
			sourceTree = "<group>";
		};
		1333E84028A65524003FE3E5 /* PopupViewController */ = {
			isa = PBXGroup;
			children = (
				1333E84128A65538003FE3E5 /* PopupViewController.swift */,
			);
			path = PopupViewController;
			sourceTree = "<group>";
		};
		1357F42B28B7EF78002F194D /* GameBoardStorage */ = {
			isa = PBXGroup;
			children = (
				137B24A328719E00003618B2 /* GameBoardStorage.swift */,
				131E1D1828B974B100B2329A /* GameBoardStorage + LettersDefaults.swift */,
				1357F42C28B7EFA8002F194D /* GameBoardStorage + isCanGoNext.swift */,
				1357F42E28B7F449002F194D /* GameBoardStorage + haveSuccessNext.swift */,
				1357F43028B80285002F194D /* GameBoardStorage + isCanDelete.swift */,
				13747FB928BD164E005888B7 /* GameBoardStorageProtocol.swift */,
			);
			path = GameBoardStorage;
			sourceTree = "<group>";
		};
		137B249B287195D6003618B2 /* Entity */ = {
			isa = PBXGroup;
			children = (
				137B249C28719628003618B2 /* Key.swift */,
			);
			path = Entity;
			sourceTree = "<group>";
		};
		137FBFF8286A019C0004FDDE /* Tests */ = {
			isa = PBXGroup;
			children = (
				137FC000286A01B30004FDDE /* MainGameTests */,
			);
			path = Tests;
			sourceTree = "<group>";
		};
		137FC000286A01B30004FDDE /* MainGameTests */ = {
			isa = PBXGroup;
			children = (
				13BAF9FA28BD2D6200819CD6 /* Mocks */,
				13BAF9FD28BD2E4E00819CD6 /* New Group */,
			);
			path = MainGameTests;
			sourceTree = "<group>";
		};
		137FC002286A02500004FDDE /* ViewControllers */ = {
			isa = PBXGroup;
			children = (
				1333E83A28A654CE003FE3E5 /* StopPopup */,
				13D718E128638F18009ACC03 /* MainGame */,
			);
			name = ViewControllers;
			path = MainGame;
			sourceTree = "<group>";
		};
		1386CCDC28A7E85E00251C9C /* BonusView */ = {
			isa = PBXGroup;
			children = (
				1386CCDD28A7E88000251C9C /* BonusView.swift */,
				1386CCE028A7E91F00251C9C /* BonusViewModel.swift */,
			);
			path = BonusView;
			sourceTree = "<group>";
		};
		13ADEA26285F469900C6AA23 = {
			isa = PBXGroup;
			children = (
				13ADEA30285F469900C6AA23 /* Products */,
				D4F99FAA7C6B8649C36773B2 /* Pods */,
				C3BD2E3E18CB94042D153AC0 /* Frameworks */,
				13D718E328638F49009ACC03 /* Config */,
				1333E83228A64D58003FE3E5 /* Helpers */,
				13099B56286A137800C8E2C5 /* Managers */,
				137FC002286A02500004FDDE /* ViewControllers */,
				13D718E528638F60009ACC03 /* UILibrary */,
				137FBFF8286A019C0004FDDE /* Tests */,
			);
			sourceTree = "<group>";
		};
		13ADEA30285F469900C6AA23 /* Products */ = {
			isa = PBXGroup;
			children = (
				13ADEA2F285F469900C6AA23 /* Slovo.app */,
				13747FC128BD2C63005888B7 /* SlovoTests.xctest */,
			);
			name = Products;
			sourceTree = "<group>";
		};
		13BA4E1A28B374B80089229D /* View */ = {
			isa = PBXGroup;
			children = (
				13D718D628638E88009ACC03 /* MainGameViewController.swift */,
				13BA4E1B28B374CB0089229D /* MainGameViewController + Bonus.swift */,
				13BA4E1D28B375DD0089229D /* Subview */,
			);
			path = View;
			sourceTree = "<group>";
		};
		13BA4E1D28B375DD0089229D /* Subview */ = {
			isa = PBXGroup;
			children = (
				13ADEA48285F478F00C6AA23 /* KeyboardView.swift */,
				13ADEA4A285F47CA00C6AA23 /* BoardView.swift */,
			);
			path = Subview;
			sourceTree = "<group>";
		};
		13BA4E1E28B37A880089229D /* Presenter */ = {
			isa = PBXGroup;
			children = (
				13D718D428638E88009ACC03 /* MainGamePresenter.swift */,
				13BA4E1F28B37A970089229D /* MainGamePresenter + Bonus.swift */,
			);
			path = Presenter;
			sourceTree = "<group>";
		};
		13BAF9FA28BD2D6200819CD6 /* Mocks */ = {
			isa = PBXGroup;
			children = (
				13BAF9FB28BD2D7B00819CD6 /* MainGameInteractorMock.swift */,
				13BAF9FE28BD303E00819CD6 /* GameBoardStorageMock.swift */,
				13BAFA0028BD321D00819CD6 /* ValletStorageMock.swift */,
			);
			path = Mocks;
			sourceTree = "<group>";
		};
		13BAF9FD28BD2E4E00819CD6 /* New Group */ = {
			isa = PBXGroup;
			children = (
				13747FBB28BD2C51005888B7 /* ValletTests.swift */,
			);
			path = "New Group";
			sourceTree = "<group>";
		};
		13D718E128638F18009ACC03 /* MainGame */ = {
			isa = PBXGroup;
			children = (
				13D718D528638E88009ACC03 /* MainGameRouter.swift */,
				13D718D728638E88009ACC03 /* MainGameProtocols.swift */,
				13D718D828638E88009ACC03 /* MainGameInteractor.swift */,
				13D718D928638E88009ACC03 /* MainGameModuleConfigurator.swift */,
				13BA4E1E28B37A880089229D /* Presenter */,
				13BA4E1A28B374B80089229D /* View */,
			);
			name = MainGame;
			sourceTree = "<group>";
		};
		13D718E328638F49009ACC03 /* Config */ = {
			isa = PBXGroup;
			children = (
				13ADEA32285F469900C6AA23 /* AppDelegate.swift */,
				13ADEA3B285F469A00C6AA23 /* Assets.xcassets */,
				13ADEA34285F469900C6AA23 /* SceneDelegate.swift */,
				13ADEA40285F469A00C6AA23 /* Info.plist */,
			);
			path = Config;
			sourceTree = "<group>";
		};
		13D718E528638F60009ACC03 /* UILibrary */ = {
			isa = PBXGroup;
			children = (
				13E55F2F28AE9DA400E510DE /* InfoView */,
				13E55F2928AE85E800E510DE /* ProfileView */,
				1386CCDC28A7E85E00251C9C /* BonusView */,
				1333E84028A65524003FE3E5 /* PopupViewController */,
				137B249B287195D6003618B2 /* Entity */,
				13063129286B47EA00CD2607 /* BoardCell */,
				13D718E728639050009ACC03 /* KeyCell */,
				13063128286B47D200CD2607 /* UIKit+Extension */,
			);
			path = UILibrary;
			sourceTree = "<group>";
		};
		13D718E728639050009ACC03 /* KeyCell */ = {
			isa = PBXGroup;
			children = (
				13ADEA4C285F502900C6AA23 /* KeyCell.swift */,
			);
			path = KeyCell;
			sourceTree = "<group>";
		};
		13E55F2928AE85E800E510DE /* ProfileView */ = {
			isa = PBXGroup;
			children = (
				136AC17528AACD5600972C60 /* ProfileView.swift */,
			);
			path = ProfileView;
			sourceTree = "<group>";
		};
		13E55F2F28AE9DA400E510DE /* InfoView */ = {
			isa = PBXGroup;
			children = (
				13E55F3828AE9F3500E510DE /* InfoView.swift */,
				13E55F3228AE9DE400E510DE /* InfoViewModel.swift */,
				13E55F3A28AE9F5B00E510DE /* InfoContentView.swift */,
				13E55F3428AE9E0F00E510DE /* InfoContentViewModel.swift */,
			);
			path = InfoView;
			sourceTree = "<group>";
		};
		C3BD2E3E18CB94042D153AC0 /* Frameworks */ = {
			isa = PBXGroup;
			children = (
				D12DFD01E5AD33F75E3B6212 /* Pods_Slovo.framework */,
			);
			name = Frameworks;
			sourceTree = "<group>";
		};
		D4F99FAA7C6B8649C36773B2 /* Pods */ = {
			isa = PBXGroup;
			children = (
				4F1F554652DBF159DF95C844 /* Pods-Slovo.debug.xcconfig */,
				A30BB63DEDD25BC919A33ADB /* Pods-Slovo.release.xcconfig */,
			);
			path = Pods;
			sourceTree = "<group>";
		};
/* End PBXGroup section */

/* Begin PBXNativeTarget section */
		13747FC028BD2C63005888B7 /* SlovoTests */ = {
			isa = PBXNativeTarget;
			buildConfigurationList = 13747FC728BD2C63005888B7 /* Build configuration list for PBXNativeTarget "SlovoTests" */;
			buildPhases = (
				13747FBD28BD2C63005888B7 /* Sources */,
				13747FBE28BD2C63005888B7 /* Frameworks */,
				13747FBF28BD2C63005888B7 /* Resources */,
			);
			buildRules = (
			);
			dependencies = (
				13747FC628BD2C63005888B7 /* PBXTargetDependency */,
			);
			name = SlovoTests;
			productName = SlovoTests;
			productReference = 13747FC128BD2C63005888B7 /* SlovoTests.xctest */;
			productType = "com.apple.product-type.bundle.unit-test";
		};
		13ADEA2E285F469900C6AA23 /* Slovo */ = {
			isa = PBXNativeTarget;
			buildConfigurationList = 13ADEA43285F469A00C6AA23 /* Build configuration list for PBXNativeTarget "Slovo" */;
			buildPhases = (
				7506A2C50FA83CCAA2A9E3D6 /* [CP] Check Pods Manifest.lock */,
				13ADEA2B285F469900C6AA23 /* Sources */,
				13ADEA2C285F469900C6AA23 /* Frameworks */,
				13ADEA2D285F469900C6AA23 /* Resources */,
				36B87FD81CE3677D73C00021 /* [CP] Embed Pods Frameworks */,
				13E55F2428AE7E0300E510DE /* Embed Frameworks */,
			);
			buildRules = (
			);
			dependencies = (
			);
			name = Slovo;
			productName = Slovo;
			productReference = 13ADEA2F285F469900C6AA23 /* Slovo.app */;
			productType = "com.apple.product-type.application";
		};
/* End PBXNativeTarget section */

/* Begin PBXProject section */
		13ADEA27285F469900C6AA23 /* Project object */ = {
			isa = PBXProject;
			attributes = {
				BuildIndependentTargetsInParallel = 1;
				LastSwiftUpdateCheck = 1340;
				LastUpgradeCheck = 1320;
				TargetAttributes = {
					13747FC028BD2C63005888B7 = {
						CreatedOnToolsVersion = 13.4.1;
						TestTargetID = 13ADEA2E285F469900C6AA23;
					};
					13ADEA2E285F469900C6AA23 = {
						CreatedOnToolsVersion = 13.2.1;
					};
				};
			};
			buildConfigurationList = 13ADEA2A285F469900C6AA23 /* Build configuration list for PBXProject "Slovo" */;
			compatibilityVersion = "Xcode 13.0";
			developmentRegion = en;
			hasScannedForEncodings = 0;
			knownRegions = (
				en,
			);
			mainGroup = 13ADEA26285F469900C6AA23;
			productRefGroup = 13ADEA30285F469900C6AA23 /* Products */;
			projectDirPath = "";
			projectRoot = "";
			targets = (
				13ADEA2E285F469900C6AA23 /* Slovo */,
				13747FC028BD2C63005888B7 /* SlovoTests */,
			);
		};
/* End PBXProject section */

/* Begin PBXResourcesBuildPhase section */
		13747FBF28BD2C63005888B7 /* Resources */ = {
			isa = PBXResourcesBuildPhase;
			buildActionMask = 2147483647;
			files = (
			);
			runOnlyForDeploymentPostprocessing = 0;
		};
		13ADEA2D285F469900C6AA23 /* Resources */ = {
			isa = PBXResourcesBuildPhase;
			buildActionMask = 2147483647;
			files = (
				13ADEA3C285F469A00C6AA23 /* Assets.xcassets in Resources */,
			);
			runOnlyForDeploymentPostprocessing = 0;
		};
/* End PBXResourcesBuildPhase section */

/* Begin PBXShellScriptBuildPhase section */
		36B87FD81CE3677D73C00021 /* [CP] Embed Pods Frameworks */ = {
			isa = PBXShellScriptBuildPhase;
			buildActionMask = 2147483647;
			files = (
			);
			inputFileListPaths = (
				"${PODS_ROOT}/Target Support Files/Pods-Slovo/Pods-Slovo-frameworks-${CONFIGURATION}-input-files.xcfilelist",
			);
			name = "[CP] Embed Pods Frameworks";
			outputFileListPaths = (
				"${PODS_ROOT}/Target Support Files/Pods-Slovo/Pods-Slovo-frameworks-${CONFIGURATION}-output-files.xcfilelist",
			);
			runOnlyForDeploymentPostprocessing = 0;
			shellPath = /bin/sh;
			shellScript = "\"${PODS_ROOT}/Target Support Files/Pods-Slovo/Pods-Slovo-frameworks.sh\"\n";
			showEnvVarsInLog = 0;
		};
		7506A2C50FA83CCAA2A9E3D6 /* [CP] Check Pods Manifest.lock */ = {
			isa = PBXShellScriptBuildPhase;
			buildActionMask = 2147483647;
			files = (
			);
			inputFileListPaths = (
			);
			inputPaths = (
				"${PODS_PODFILE_DIR_PATH}/Podfile.lock",
				"${PODS_ROOT}/Manifest.lock",
			);
			name = "[CP] Check Pods Manifest.lock";
			outputFileListPaths = (
			);
			outputPaths = (
				"$(DERIVED_FILE_DIR)/Pods-Slovo-checkManifestLockResult.txt",
			);
			runOnlyForDeploymentPostprocessing = 0;
			shellPath = /bin/sh;
			shellScript = "diff \"${PODS_PODFILE_DIR_PATH}/Podfile.lock\" \"${PODS_ROOT}/Manifest.lock\" > /dev/null\nif [ $? != 0 ] ; then\n    # print error to STDERR\n    echo \"error: The sandbox is not in sync with the Podfile.lock. Run 'pod install' or update your CocoaPods installation.\" >&2\n    exit 1\nfi\n# This output is used by Xcode 'outputs' to avoid re-running this script phase.\necho \"SUCCESS\" > \"${SCRIPT_OUTPUT_FILE_0}\"\n";
			showEnvVarsInLog = 0;
		};
/* End PBXShellScriptBuildPhase section */

/* Begin PBXSourcesBuildPhase section */
		13747FBD28BD2C63005888B7 /* Sources */ = {
			isa = PBXSourcesBuildPhase;
			buildActionMask = 2147483647;
			files = (
				13747FCA28BD2C6A005888B7 /* ValletTests.swift in Sources */,
			);
			runOnlyForDeploymentPostprocessing = 0;
		};
		13ADEA2B285F469900C6AA23 /* Sources */ = {
			isa = PBXSourcesBuildPhase;
			buildActionMask = 2147483647;
			files = (
				13D718DA28638E88009ACC03 /* MainGamePresenter.swift in Sources */,
				13BA4E1C28B374CB0089229D /* MainGameViewController + Bonus.swift in Sources */,
				1333E84228A65538003FE3E5 /* PopupViewController.swift in Sources */,
				1386CCCF28A77BBB00251C9C /* StopPopupProtocols.swift in Sources */,
				1357F42D28B7EFA8002F194D /* GameBoardStorage + isCanGoNext.swift in Sources */,
				13BAF9FC28BD2D7B00819CD6 /* MainGameInteractorMock.swift in Sources */,
				13BA4E2728B38E110089229D /* DefaultsKeys.swift in Sources */,
				1357F43128B80285002F194D /* GameBoardStorage + isCanDelete.swift in Sources */,
				13ADEA49285F478F00C6AA23 /* KeyboardView.swift in Sources */,
				13BA4E2028B37A970089229D /* MainGamePresenter + Bonus.swift in Sources */,
				13D718DF28638E88009ACC03 /* MainGameModuleConfigurator.swift in Sources */,
				13E55F3928AE9F3500E510DE /* InfoView.swift in Sources */,
				1333E83128A6468B003FE3E5 /* KeyboardManager.swift in Sources */,
				137B24A428719E00003618B2 /* GameBoardStorage.swift in Sources */,
				13D718DC28638E88009ACC03 /* MainGameViewController.swift in Sources */,
				13ADEA4D285F502900C6AA23 /* KeyCell.swift in Sources */,
				13099B58286A13A800C8E2C5 /* WordsLoadService.swift in Sources */,
				1386CCCE28A77BBB00251C9C /* StopPopupViewController.swift in Sources */,
				13ADEA4B285F47CA00C6AA23 /* BoardView.swift in Sources */,
				1386CCDE28A7E88000251C9C /* BonusView.swift in Sources */,
				13E55F3B28AE9F5B00E510DE /* InfoContentView.swift in Sources */,
				1357F42F28B7F449002F194D /* GameBoardStorage + haveSuccessNext.swift in Sources */,
				13D718DD28638E88009ACC03 /* MainGameProtocols.swift in Sources */,
				1386CCCD28A77BBB00251C9C /* StopPopupRouter.swift in Sources */,
				131E1D1B28B976D600B2329A /* ValletStorage.swift in Sources */,
				13ADEA33285F469900C6AA23 /* AppDelegate.swift in Sources */,
				1386CCBD28A662B000251C9C /* UIView + Helpers.swift in Sources */,
				13ADEA35285F469900C6AA23 /* SceneDelegate.swift in Sources */,
				13E55F3328AE9DE400E510DE /* InfoViewModel.swift in Sources */,
				1306312B286B480E00CD2607 /* UIColor + Extension.swift in Sources */,
				137B249D28719628003618B2 /* Key.swift in Sources */,
				1386CCC028A662E300251C9C /* Display.swift in Sources */,
				13D718DE28638E88009ACC03 /* MainGameInteractor.swift in Sources */,
				13BAF9FF28BD303E00819CD6 /* GameBoardStorageMock.swift in Sources */,
				13E55F3528AE9E0F00E510DE /* InfoContentViewModel.swift in Sources */,
				1386CCD528A7925500251C9C /* UIFont + Extension.swift in Sources */,
				1386CCD328A77C2300251C9C /* StopPopupViewModel.swift in Sources */,
				136AC17628AACD5600972C60 /* ProfileView.swift in Sources */,
				13747FBA28BD164E005888B7 /* GameBoardStorageProtocol.swift in Sources */,
				1386CCD028A77BBB00251C9C /* StopPopupInteractor.swift in Sources */,
				1386CCD128A77BBB00251C9C /* StopPopupModuleConfigurator.swift in Sources */,
				13BAFA0128BD321D00819CD6 /* ValletStorageMock.swift in Sources */,
				1306312E286B4FD000CD2607 /* BoardCell.swift in Sources */,
				1386CCE128A7E91F00251C9C /* BonusViewModel.swift in Sources */,
				1386CCCC28A77BBB00251C9C /* StopPopupPresenter.swift in Sources */,
				1333E83428A64D83003FE3E5 /* DIContainer.swift in Sources */,
				13D718DB28638E88009ACC03 /* MainGameRouter.swift in Sources */,
				131E1D1928B974B100B2329A /* GameBoardStorage + LettersDefaults.swift in Sources */,
			);
			runOnlyForDeploymentPostprocessing = 0;
		};
/* End PBXSourcesBuildPhase section */

/* Begin PBXTargetDependency section */
		13747FC628BD2C63005888B7 /* PBXTargetDependency */ = {
			isa = PBXTargetDependency;
			target = 13ADEA2E285F469900C6AA23 /* Slovo */;
			targetProxy = 13747FC528BD2C63005888B7 /* PBXContainerItemProxy */;
		};
/* End PBXTargetDependency section */

/* Begin XCBuildConfiguration section */
		13747FC828BD2C63005888B7 /* Debug */ = {
			isa = XCBuildConfiguration;
			buildSettings = {
				BUNDLE_LOADER = "$(TEST_HOST)";
				CODE_SIGN_STYLE = Automatic;
				CURRENT_PROJECT_VERSION = 1;
				DEVELOPMENT_TEAM = 9H42AN9X2T;
				GENERATE_INFOPLIST_FILE = YES;
				IPHONEOS_DEPLOYMENT_TARGET = 15.5;
				MARKETING_VERSION = 1.0;
				PRODUCT_BUNDLE_IDENTIFIER = JNStudio.SlovoTests;
				PRODUCT_NAME = "$(TARGET_NAME)";
				SWIFT_EMIT_LOC_STRINGS = NO;
				SWIFT_VERSION = 5.0;
				TARGETED_DEVICE_FAMILY = "1,2";
				TEST_HOST = "$(BUILT_PRODUCTS_DIR)/Slovo.app/Slovo";
			};
			name = Debug;
		};
		13747FC928BD2C63005888B7 /* Release */ = {
			isa = XCBuildConfiguration;
			buildSettings = {
				BUNDLE_LOADER = "$(TEST_HOST)";
				CODE_SIGN_STYLE = Automatic;
				CURRENT_PROJECT_VERSION = 1;
				DEVELOPMENT_TEAM = 9H42AN9X2T;
				GENERATE_INFOPLIST_FILE = YES;
				IPHONEOS_DEPLOYMENT_TARGET = 15.5;
				MARKETING_VERSION = 1.0;
				PRODUCT_BUNDLE_IDENTIFIER = JNStudio.SlovoTests;
				PRODUCT_NAME = "$(TARGET_NAME)";
				SWIFT_EMIT_LOC_STRINGS = NO;
				SWIFT_VERSION = 5.0;
				TARGETED_DEVICE_FAMILY = "1,2";
				TEST_HOST = "$(BUILT_PRODUCTS_DIR)/Slovo.app/Slovo";
			};
			name = Release;
		};
		13ADEA41285F469A00C6AA23 /* Debug */ = {
			isa = XCBuildConfiguration;
			buildSettings = {
				ALWAYS_SEARCH_USER_PATHS = NO;
				CLANG_ANALYZER_NONNULL = YES;
				CLANG_ANALYZER_NUMBER_OBJECT_CONVERSION = YES_AGGRESSIVE;
				CLANG_CXX_LANGUAGE_STANDARD = "gnu++17";
				CLANG_CXX_LIBRARY = "libc++";
				CLANG_ENABLE_MODULES = YES;
				CLANG_ENABLE_OBJC_ARC = YES;
				CLANG_ENABLE_OBJC_WEAK = YES;
				CLANG_WARN_BLOCK_CAPTURE_AUTORELEASING = YES;
				CLANG_WARN_BOOL_CONVERSION = YES;
				CLANG_WARN_COMMA = YES;
				CLANG_WARN_CONSTANT_CONVERSION = YES;
				CLANG_WARN_DEPRECATED_OBJC_IMPLEMENTATIONS = YES;
				CLANG_WARN_DIRECT_OBJC_ISA_USAGE = YES_ERROR;
				CLANG_WARN_DOCUMENTATION_COMMENTS = YES;
				CLANG_WARN_EMPTY_BODY = YES;
				CLANG_WARN_ENUM_CONVERSION = YES;
				CLANG_WARN_INFINITE_RECURSION = YES;
				CLANG_WARN_INT_CONVERSION = YES;
				CLANG_WARN_NON_LITERAL_NULL_CONVERSION = YES;
				CLANG_WARN_OBJC_IMPLICIT_RETAIN_SELF = YES;
				CLANG_WARN_OBJC_LITERAL_CONVERSION = YES;
				CLANG_WARN_OBJC_ROOT_CLASS = YES_ERROR;
				CLANG_WARN_QUOTED_INCLUDE_IN_FRAMEWORK_HEADER = YES;
				CLANG_WARN_RANGE_LOOP_ANALYSIS = YES;
				CLANG_WARN_STRICT_PROTOTYPES = YES;
				CLANG_WARN_SUSPICIOUS_MOVE = YES;
				CLANG_WARN_UNGUARDED_AVAILABILITY = YES_AGGRESSIVE;
				CLANG_WARN_UNREACHABLE_CODE = YES;
				CLANG_WARN__DUPLICATE_METHOD_MATCH = YES;
				COPY_PHASE_STRIP = NO;
				DEBUG_INFORMATION_FORMAT = dwarf;
				ENABLE_STRICT_OBJC_MSGSEND = YES;
				ENABLE_TESTABILITY = YES;
				GCC_C_LANGUAGE_STANDARD = gnu11;
				GCC_DYNAMIC_NO_PIC = NO;
				GCC_NO_COMMON_BLOCKS = YES;
				GCC_OPTIMIZATION_LEVEL = 0;
				GCC_PREPROCESSOR_DEFINITIONS = (
					"DEBUG=1",
					"$(inherited)",
				);
				GCC_WARN_64_TO_32_BIT_CONVERSION = YES;
				GCC_WARN_ABOUT_RETURN_TYPE = YES_ERROR;
				GCC_WARN_UNDECLARED_SELECTOR = YES;
				GCC_WARN_UNINITIALIZED_AUTOS = YES_AGGRESSIVE;
				GCC_WARN_UNUSED_FUNCTION = YES;
				GCC_WARN_UNUSED_VARIABLE = YES;
				IPHONEOS_DEPLOYMENT_TARGET = 13.0;
				MTL_ENABLE_DEBUG_INFO = INCLUDE_SOURCE;
				MTL_FAST_MATH = YES;
				ONLY_ACTIVE_ARCH = YES;
				SDKROOT = iphoneos;
				SWIFT_ACTIVE_COMPILATION_CONDITIONS = DEBUG;
				SWIFT_OPTIMIZATION_LEVEL = "-Onone";
			};
			name = Debug;
		};
		13ADEA42285F469A00C6AA23 /* Release */ = {
			isa = XCBuildConfiguration;
			buildSettings = {
				ALWAYS_SEARCH_USER_PATHS = NO;
				CLANG_ANALYZER_NONNULL = YES;
				CLANG_ANALYZER_NUMBER_OBJECT_CONVERSION = YES_AGGRESSIVE;
				CLANG_CXX_LANGUAGE_STANDARD = "gnu++17";
				CLANG_CXX_LIBRARY = "libc++";
				CLANG_ENABLE_MODULES = YES;
				CLANG_ENABLE_OBJC_ARC = YES;
				CLANG_ENABLE_OBJC_WEAK = YES;
				CLANG_WARN_BLOCK_CAPTURE_AUTORELEASING = YES;
				CLANG_WARN_BOOL_CONVERSION = YES;
				CLANG_WARN_COMMA = YES;
				CLANG_WARN_CONSTANT_CONVERSION = YES;
				CLANG_WARN_DEPRECATED_OBJC_IMPLEMENTATIONS = YES;
				CLANG_WARN_DIRECT_OBJC_ISA_USAGE = YES_ERROR;
				CLANG_WARN_DOCUMENTATION_COMMENTS = YES;
				CLANG_WARN_EMPTY_BODY = YES;
				CLANG_WARN_ENUM_CONVERSION = YES;
				CLANG_WARN_INFINITE_RECURSION = YES;
				CLANG_WARN_INT_CONVERSION = YES;
				CLANG_WARN_NON_LITERAL_NULL_CONVERSION = YES;
				CLANG_WARN_OBJC_IMPLICIT_RETAIN_SELF = YES;
				CLANG_WARN_OBJC_LITERAL_CONVERSION = YES;
				CLANG_WARN_OBJC_ROOT_CLASS = YES_ERROR;
				CLANG_WARN_QUOTED_INCLUDE_IN_FRAMEWORK_HEADER = YES;
				CLANG_WARN_RANGE_LOOP_ANALYSIS = YES;
				CLANG_WARN_STRICT_PROTOTYPES = YES;
				CLANG_WARN_SUSPICIOUS_MOVE = YES;
				CLANG_WARN_UNGUARDED_AVAILABILITY = YES_AGGRESSIVE;
				CLANG_WARN_UNREACHABLE_CODE = YES;
				CLANG_WARN__DUPLICATE_METHOD_MATCH = YES;
				COPY_PHASE_STRIP = NO;
				DEBUG_INFORMATION_FORMAT = "dwarf-with-dsym";
				ENABLE_NS_ASSERTIONS = NO;
				ENABLE_STRICT_OBJC_MSGSEND = YES;
				GCC_C_LANGUAGE_STANDARD = gnu11;
				GCC_NO_COMMON_BLOCKS = YES;
				GCC_WARN_64_TO_32_BIT_CONVERSION = YES;
				GCC_WARN_ABOUT_RETURN_TYPE = YES_ERROR;
				GCC_WARN_UNDECLARED_SELECTOR = YES;
				GCC_WARN_UNINITIALIZED_AUTOS = YES_AGGRESSIVE;
				GCC_WARN_UNUSED_FUNCTION = YES;
				GCC_WARN_UNUSED_VARIABLE = YES;
				IPHONEOS_DEPLOYMENT_TARGET = 13.0;
				MTL_ENABLE_DEBUG_INFO = NO;
				MTL_FAST_MATH = YES;
				SDKROOT = iphoneos;
				SWIFT_COMPILATION_MODE = wholemodule;
				SWIFT_OPTIMIZATION_LEVEL = "-O";
				VALIDATE_PRODUCT = YES;
			};
			name = Release;
		};
		13ADEA44285F469A00C6AA23 /* Debug */ = {
			isa = XCBuildConfiguration;
			baseConfigurationReference = 4F1F554652DBF159DF95C844 /* Pods-Slovo.debug.xcconfig */;
			buildSettings = {
				ASSETCATALOG_COMPILER_APPICON_NAME = AppIcon;
				ASSETCATALOG_COMPILER_GLOBAL_ACCENT_COLOR_NAME = AccentColor;
				CODE_SIGN_STYLE = Automatic;
				CURRENT_PROJECT_VERSION = 3;
				DEVELOPMENT_TEAM = 9H42AN9X2T;
				GENERATE_INFOPLIST_FILE = YES;
				INFOPLIST_FILE = Config/Info.plist;
				INFOPLIST_KEY_CFBundleDisplayName = "Слово";
				INFOPLIST_KEY_UIApplicationSupportsIndirectInputEvents = YES;
				INFOPLIST_KEY_UILaunchStoryboardName = LaunchScreen;
				INFOPLIST_KEY_UISupportedInterfaceOrientations = UIInterfaceOrientationPortrait;
				INFOPLIST_KEY_UISupportedInterfaceOrientations_iPad = "UIInterfaceOrientationPortrait UIInterfaceOrientationPortraitUpsideDown UIInterfaceOrientationLandscapeLeft UIInterfaceOrientationLandscapeRight";
				INFOPLIST_KEY_UISupportedInterfaceOrientations_iPhone = "UIInterfaceOrientationPortrait UIInterfaceOrientationLandscapeLeft UIInterfaceOrientationLandscapeRight";
				IPHONEOS_DEPLOYMENT_TARGET = 13.0;
				LD_RUNPATH_SEARCH_PATHS = (
					"$(inherited)",
					"@executable_path/Frameworks",
				);
				MARKETING_VERSION = 1.0.2;
				PRODUCT_BUNDLE_IDENTIFIER = com.yavtushenko.slovo;
				PRODUCT_NAME = "$(TARGET_NAME)";
				SWIFT_EMIT_LOC_STRINGS = YES;
				SWIFT_VERSION = 5.0;
				TARGETED_DEVICE_FAMILY = 1;
			};
			name = Debug;
		};
		13ADEA45285F469A00C6AA23 /* Release */ = {
			isa = XCBuildConfiguration;
			baseConfigurationReference = A30BB63DEDD25BC919A33ADB /* Pods-Slovo.release.xcconfig */;
			buildSettings = {
				ASSETCATALOG_COMPILER_APPICON_NAME = AppIcon;
				ASSETCATALOG_COMPILER_GLOBAL_ACCENT_COLOR_NAME = AccentColor;
				CODE_SIGN_STYLE = Automatic;
				CURRENT_PROJECT_VERSION = 3;
				DEVELOPMENT_TEAM = 9H42AN9X2T;
				GENERATE_INFOPLIST_FILE = YES;
				INFOPLIST_FILE = Config/Info.plist;
				INFOPLIST_KEY_CFBundleDisplayName = "Слово";
				INFOPLIST_KEY_UIApplicationSupportsIndirectInputEvents = YES;
				INFOPLIST_KEY_UILaunchStoryboardName = LaunchScreen;
				INFOPLIST_KEY_UISupportedInterfaceOrientations = UIInterfaceOrientationPortrait;
				INFOPLIST_KEY_UISupportedInterfaceOrientations_iPad = "UIInterfaceOrientationPortrait UIInterfaceOrientationPortraitUpsideDown UIInterfaceOrientationLandscapeLeft UIInterfaceOrientationLandscapeRight";
				INFOPLIST_KEY_UISupportedInterfaceOrientations_iPhone = "UIInterfaceOrientationPortrait UIInterfaceOrientationLandscapeLeft UIInterfaceOrientationLandscapeRight";
				IPHONEOS_DEPLOYMENT_TARGET = 13.0;
				LD_RUNPATH_SEARCH_PATHS = (
					"$(inherited)",
					"@executable_path/Frameworks",
				);
				MARKETING_VERSION = 1.0.2;
				PRODUCT_BUNDLE_IDENTIFIER = com.yavtushenko.slovo;
				PRODUCT_NAME = "$(TARGET_NAME)";
				SWIFT_EMIT_LOC_STRINGS = YES;
				SWIFT_VERSION = 5.0;
				TARGETED_DEVICE_FAMILY = 1;
			};
			name = Release;
		};
/* End XCBuildConfiguration section */

/* Begin XCConfigurationList section */
		13747FC728BD2C63005888B7 /* Build configuration list for PBXNativeTarget "SlovoTests" */ = {
			isa = XCConfigurationList;
			buildConfigurations = (
				13747FC828BD2C63005888B7 /* Debug */,
				13747FC928BD2C63005888B7 /* Release */,
			);
			defaultConfigurationIsVisible = 0;
			defaultConfigurationName = Release;
		};
		13ADEA2A285F469900C6AA23 /* Build configuration list for PBXProject "Slovo" */ = {
			isa = XCConfigurationList;
			buildConfigurations = (
				13ADEA41285F469A00C6AA23 /* Debug */,
				13ADEA42285F469A00C6AA23 /* Release */,
			);
			defaultConfigurationIsVisible = 0;
			defaultConfigurationName = Release;
		};
		13ADEA43285F469A00C6AA23 /* Build configuration list for PBXNativeTarget "Slovo" */ = {
			isa = XCConfigurationList;
			buildConfigurations = (
				13ADEA44285F469A00C6AA23 /* Debug */,
				13ADEA45285F469A00C6AA23 /* Release */,
			);
			defaultConfigurationIsVisible = 0;
			defaultConfigurationName = Release;
		};
/* End XCConfigurationList section */
	};
	rootObject = 13ADEA27285F469900C6AA23 /* Project object */;
}
